// !$*UTF8*$!
{
	archiveVersion = 1;
	classes = {
	};
	objectVersion = 51;
	objects = {

/* Begin PBXBuildFile section */
		0E5338ECC309D822E1FB7406 /* Pods_vehicleManagementTests.framework in Frameworks */ = {isa = PBXBuildFile; fileRef = D52F640D70B2EC8A28E93A01 /* Pods_vehicleManagementTests.framework */; };
		2642C6728584C123363D31DA /* Pods_vehicleManagement_vehicleManagementUITests.framework in Frameworks */ = {isa = PBXBuildFile; fileRef = CCCA54148B5A79F9B13611B7 /* Pods_vehicleManagement_vehicleManagementUITests.framework */; };
		8EF30F0C263A41E3005144D7 /* newCarControllerView.swift in Sources */ = {isa = PBXBuildFile; fileRef = 8EF30F0B263A41E3005144D7 /* newCarControllerView.swift */; };
		D429DC922630DE74005EDDB0 /* NewAccountViewController.swift in Sources */ = {isa = PBXBuildFile; fileRef = D429DC912630DE74005EDDB0 /* NewAccountViewController.swift */; };
		D44E411B262FA5E80030CC8A /* GoogleService-Info.plist in Resources */ = {isa = PBXBuildFile; fileRef = D44E411A262FA5E80030CC8A /* GoogleService-Info.plist */; };
		D4871E85262F548100628EAE /* LoginViewController.swift in Sources */ = {isa = PBXBuildFile; fileRef = D4871E84262F548100628EAE /* LoginViewController.swift */; };
		D4C81A19262CF31C000C5774 /* AppDelegate.swift in Sources */ = {isa = PBXBuildFile; fileRef = D4C81A18262CF31C000C5774 /* AppDelegate.swift */; };
		D4C81A1B262CF31C000C5774 /* SceneDelegate.swift in Sources */ = {isa = PBXBuildFile; fileRef = D4C81A1A262CF31C000C5774 /* SceneDelegate.swift */; };
		D4C81A1D262CF31C000C5774 /* ViewController.swift in Sources */ = {isa = PBXBuildFile; fileRef = D4C81A1C262CF31C000C5774 /* ViewController.swift */; };
		D4C81A20262CF31C000C5774 /* Main.storyboard in Resources */ = {isa = PBXBuildFile; fileRef = D4C81A1E262CF31C000C5774 /* Main.storyboard */; };
		D4C81A23262CF31C000C5774 /* vehicleManagement.xcdatamodeld in Sources */ = {isa = PBXBuildFile; fileRef = D4C81A21262CF31C000C5774 /* vehicleManagement.xcdatamodeld */; };
		D4C81A25262CF31C000C5774 /* Assets.xcassets in Resources */ = {isa = PBXBuildFile; fileRef = D4C81A24262CF31C000C5774 /* Assets.xcassets */; };
		D4C81A28262CF31C000C5774 /* LaunchScreen.storyboard in Resources */ = {isa = PBXBuildFile; fileRef = D4C81A26262CF31C000C5774 /* LaunchScreen.storyboard */; };
		D4C81A33262CF31C000C5774 /* vehicleManagementTests.swift in Sources */ = {isa = PBXBuildFile; fileRef = D4C81A32262CF31C000C5774 /* vehicleManagementTests.swift */; };
		D4C81A3E262CF31C000C5774 /* vehicleManagementUITests.swift in Sources */ = {isa = PBXBuildFile; fileRef = D4C81A3D262CF31C000C5774 /* vehicleManagementUITests.swift */; };
		D4FDF681263AF67F00E869C3 /* CarSelectorViewController.swift in Sources */ = {isa = PBXBuildFile; fileRef = D4FDF680263AF67F00E869C3 /* CarSelectorViewController.swift */; };
		D62868ED032B856C970BDD4F /* Pods_vehicleManagement.framework in Frameworks */ = {isa = PBXBuildFile; fileRef = B835FCA7C67FA9C1440AB6AD /* Pods_vehicleManagement.framework */; };
/* End PBXBuildFile section */

/* Begin PBXContainerItemProxy section */
		D4C81A2F262CF31C000C5774 /* PBXContainerItemProxy */ = {
			isa = PBXContainerItemProxy;
			containerPortal = D4C81A0D262CF31C000C5774 /* Project object */;
			proxyType = 1;
			remoteGlobalIDString = D4C81A14262CF31C000C5774;
			remoteInfo = vehicleManagement;
		};
		D4C81A3A262CF31C000C5774 /* PBXContainerItemProxy */ = {
			isa = PBXContainerItemProxy;
			containerPortal = D4C81A0D262CF31C000C5774 /* Project object */;
			proxyType = 1;
			remoteGlobalIDString = D4C81A14262CF31C000C5774;
			remoteInfo = vehicleManagement;
		};
/* End PBXContainerItemProxy section */

/* Begin PBXFileReference section */
		046A3C364C168D11544582E4 /* Pods-vehicleManagement.debug.xcconfig */ = {isa = PBXFileReference; includeInIndex = 1; lastKnownFileType = text.xcconfig; name = "Pods-vehicleManagement.debug.xcconfig"; path = "Target Support Files/Pods-vehicleManagement/Pods-vehicleManagement.debug.xcconfig"; sourceTree = "<group>"; };
		2BB92A6A19CD60E4922CA5DD /* Pods-vehicleManagementTests.release.xcconfig */ = {isa = PBXFileReference; includeInIndex = 1; lastKnownFileType = text.xcconfig; name = "Pods-vehicleManagementTests.release.xcconfig"; path = "Target Support Files/Pods-vehicleManagementTests/Pods-vehicleManagementTests.release.xcconfig"; sourceTree = "<group>"; };
		43D2DBB2AF77A80794250951 /* Pods-vehicleManagement-vehicleManagementUITests.release.xcconfig */ = {isa = PBXFileReference; includeInIndex = 1; lastKnownFileType = text.xcconfig; name = "Pods-vehicleManagement-vehicleManagementUITests.release.xcconfig"; path = "Target Support Files/Pods-vehicleManagement-vehicleManagementUITests/Pods-vehicleManagement-vehicleManagementUITests.release.xcconfig"; sourceTree = "<group>"; };
		77B89C76B5831A1E3F5AC6F6 /* Pods-vehicleManagementTests.debug.xcconfig */ = {isa = PBXFileReference; includeInIndex = 1; lastKnownFileType = text.xcconfig; name = "Pods-vehicleManagementTests.debug.xcconfig"; path = "Target Support Files/Pods-vehicleManagementTests/Pods-vehicleManagementTests.debug.xcconfig"; sourceTree = "<group>"; };
		8EF30F0B263A41E3005144D7 /* newCarControllerView.swift */ = {isa = PBXFileReference; lastKnownFileType = sourcecode.swift; path = newCarControllerView.swift; sourceTree = "<group>"; };
		B62877BFB7EB0F7502D2CFD7 /* Pods-vehicleManagement-vehicleManagementUITests.debug.xcconfig */ = {isa = PBXFileReference; includeInIndex = 1; lastKnownFileType = text.xcconfig; name = "Pods-vehicleManagement-vehicleManagementUITests.debug.xcconfig"; path = "Target Support Files/Pods-vehicleManagement-vehicleManagementUITests/Pods-vehicleManagement-vehicleManagementUITests.debug.xcconfig"; sourceTree = "<group>"; };
		B835FCA7C67FA9C1440AB6AD /* Pods_vehicleManagement.framework */ = {isa = PBXFileReference; explicitFileType = wrapper.framework; includeInIndex = 0; path = Pods_vehicleManagement.framework; sourceTree = BUILT_PRODUCTS_DIR; };
		CCCA54148B5A79F9B13611B7 /* Pods_vehicleManagement_vehicleManagementUITests.framework */ = {isa = PBXFileReference; explicitFileType = wrapper.framework; includeInIndex = 0; path = Pods_vehicleManagement_vehicleManagementUITests.framework; sourceTree = BUILT_PRODUCTS_DIR; };
		D429DC912630DE74005EDDB0 /* NewAccountViewController.swift */ = {isa = PBXFileReference; lastKnownFileType = sourcecode.swift; path = NewAccountViewController.swift; sourceTree = "<group>"; };
		D44E411A262FA5E80030CC8A /* GoogleService-Info.plist */ = {isa = PBXFileReference; fileEncoding = 4; lastKnownFileType = text.plist.xml; path = "GoogleService-Info.plist"; sourceTree = "<group>"; };
		D4871E84262F548100628EAE /* LoginViewController.swift */ = {isa = PBXFileReference; lastKnownFileType = sourcecode.swift; path = LoginViewController.swift; sourceTree = "<group>"; };
		D4C81A15262CF31C000C5774 /* vehicleManagement.app */ = {isa = PBXFileReference; explicitFileType = wrapper.application; includeInIndex = 0; path = vehicleManagement.app; sourceTree = BUILT_PRODUCTS_DIR; };
		D4C81A18262CF31C000C5774 /* AppDelegate.swift */ = {isa = PBXFileReference; lastKnownFileType = sourcecode.swift; path = AppDelegate.swift; sourceTree = "<group>"; };
		D4C81A1A262CF31C000C5774 /* SceneDelegate.swift */ = {isa = PBXFileReference; lastKnownFileType = sourcecode.swift; path = SceneDelegate.swift; sourceTree = "<group>"; };
		D4C81A1C262CF31C000C5774 /* ViewController.swift */ = {isa = PBXFileReference; lastKnownFileType = sourcecode.swift; path = ViewController.swift; sourceTree = "<group>"; };
		D4C81A1F262CF31C000C5774 /* Base */ = {isa = PBXFileReference; lastKnownFileType = file.storyboard; name = Base; path = Base.lproj/Main.storyboard; sourceTree = "<group>"; };
		D4C81A22262CF31C000C5774 /* vehicleManagement.xcdatamodel */ = {isa = PBXFileReference; lastKnownFileType = wrapper.xcdatamodel; path = vehicleManagement.xcdatamodel; sourceTree = "<group>"; };
		D4C81A24262CF31C000C5774 /* Assets.xcassets */ = {isa = PBXFileReference; lastKnownFileType = folder.assetcatalog; path = Assets.xcassets; sourceTree = "<group>"; };
		D4C81A27262CF31C000C5774 /* Base */ = {isa = PBXFileReference; lastKnownFileType = file.storyboard; name = Base; path = Base.lproj/LaunchScreen.storyboard; sourceTree = "<group>"; };
		D4C81A29262CF31C000C5774 /* Info.plist */ = {isa = PBXFileReference; lastKnownFileType = text.plist.xml; path = Info.plist; sourceTree = "<group>"; };
		D4C81A2E262CF31C000C5774 /* vehicleManagementTests.xctest */ = {isa = PBXFileReference; explicitFileType = wrapper.cfbundle; includeInIndex = 0; path = vehicleManagementTests.xctest; sourceTree = BUILT_PRODUCTS_DIR; };
		D4C81A32262CF31C000C5774 /* vehicleManagementTests.swift */ = {isa = PBXFileReference; lastKnownFileType = sourcecode.swift; path = vehicleManagementTests.swift; sourceTree = "<group>"; };
		D4C81A34262CF31C000C5774 /* Info.plist */ = {isa = PBXFileReference; lastKnownFileType = text.plist.xml; path = Info.plist; sourceTree = "<group>"; };
		D4C81A39262CF31C000C5774 /* vehicleManagementUITests.xctest */ = {isa = PBXFileReference; explicitFileType = wrapper.cfbundle; includeInIndex = 0; path = vehicleManagementUITests.xctest; sourceTree = BUILT_PRODUCTS_DIR; };
		D4C81A3D262CF31C000C5774 /* vehicleManagementUITests.swift */ = {isa = PBXFileReference; lastKnownFileType = sourcecode.swift; path = vehicleManagementUITests.swift; sourceTree = "<group>"; };
		D4C81A3F262CF31C000C5774 /* Info.plist */ = {isa = PBXFileReference; lastKnownFileType = text.plist.xml; path = Info.plist; sourceTree = "<group>"; };
		D4FDF680263AF67F00E869C3 /* CarSelectorViewController.swift */ = {isa = PBXFileReference; lastKnownFileType = sourcecode.swift; path = CarSelectorViewController.swift; sourceTree = "<group>"; };
		D52F640D70B2EC8A28E93A01 /* Pods_vehicleManagementTests.framework */ = {isa = PBXFileReference; explicitFileType = wrapper.framework; includeInIndex = 0; path = Pods_vehicleManagementTests.framework; sourceTree = BUILT_PRODUCTS_DIR; };
		EE315B03A71EE98CD31E015C /* Pods-vehicleManagement.release.xcconfig */ = {isa = PBXFileReference; includeInIndex = 1; lastKnownFileType = text.xcconfig; name = "Pods-vehicleManagement.release.xcconfig"; path = "Target Support Files/Pods-vehicleManagement/Pods-vehicleManagement.release.xcconfig"; sourceTree = "<group>"; };
/* End PBXFileReference section */

/* Begin PBXFrameworksBuildPhase section */
		D4C81A12262CF31C000C5774 /* Frameworks */ = {
			isa = PBXFrameworksBuildPhase;
			buildActionMask = 2147483647;
			files = (
				D62868ED032B856C970BDD4F /* Pods_vehicleManagement.framework in Frameworks */,
			);
			runOnlyForDeploymentPostprocessing = 0;
		};
		D4C81A2B262CF31C000C5774 /* Frameworks */ = {
			isa = PBXFrameworksBuildPhase;
			buildActionMask = 2147483647;
			files = (
				0E5338ECC309D822E1FB7406 /* Pods_vehicleManagementTests.framework in Frameworks */,
			);
			runOnlyForDeploymentPostprocessing = 0;
		};
		D4C81A36262CF31C000C5774 /* Frameworks */ = {
			isa = PBXFrameworksBuildPhase;
			buildActionMask = 2147483647;
			files = (
				2642C6728584C123363D31DA /* Pods_vehicleManagement_vehicleManagementUITests.framework in Frameworks */,
			);
			runOnlyForDeploymentPostprocessing = 0;
		};
/* End PBXFrameworksBuildPhase section */

/* Begin PBXGroup section */
		941D5C56A694431049EF3E50 /* Pods */ = {
			isa = PBXGroup;
			children = (
				046A3C364C168D11544582E4 /* Pods-vehicleManagement.debug.xcconfig */,
				EE315B03A71EE98CD31E015C /* Pods-vehicleManagement.release.xcconfig */,
				B62877BFB7EB0F7502D2CFD7 /* Pods-vehicleManagement-vehicleManagementUITests.debug.xcconfig */,
				43D2DBB2AF77A80794250951 /* Pods-vehicleManagement-vehicleManagementUITests.release.xcconfig */,
				77B89C76B5831A1E3F5AC6F6 /* Pods-vehicleManagementTests.debug.xcconfig */,
				2BB92A6A19CD60E4922CA5DD /* Pods-vehicleManagementTests.release.xcconfig */,
			);
			path = Pods;
			sourceTree = "<group>";
		};
		D4C81A0C262CF31C000C5774 = {
			isa = PBXGroup;
			children = (
				D4C81A17262CF31C000C5774 /* vehicleManagement */,
				D4C81A31262CF31C000C5774 /* vehicleManagementTests */,
				D4C81A3C262CF31C000C5774 /* vehicleManagementUITests */,
				D4C81A16262CF31C000C5774 /* Products */,
				941D5C56A694431049EF3E50 /* Pods */,
				E0BC5FA4EEDFDB48F07B163F /* Frameworks */,
			);
			sourceTree = "<group>";
		};
		D4C81A16262CF31C000C5774 /* Products */ = {
			isa = PBXGroup;
			children = (
				D4C81A15262CF31C000C5774 /* vehicleManagement.app */,
				D4C81A2E262CF31C000C5774 /* vehicleManagementTests.xctest */,
				D4C81A39262CF31C000C5774 /* vehicleManagementUITests.xctest */,
			);
			name = Products;
			sourceTree = "<group>";
		};
		D4C81A17262CF31C000C5774 /* vehicleManagement */ = {
			isa = PBXGroup;
			children = (
				D4C81A18262CF31C000C5774 /* AppDelegate.swift */,
				D44E411A262FA5E80030CC8A /* GoogleService-Info.plist */,
				D4C81A1A262CF31C000C5774 /* SceneDelegate.swift */,
				D4C81A1C262CF31C000C5774 /* ViewController.swift */,
				D4871E84262F548100628EAE /* LoginViewController.swift */,
				D4C81A1E262CF31C000C5774 /* Main.storyboard */,
				D4FDF680263AF67F00E869C3 /* CarSelectorViewController.swift */,
				8EF30F0B263A41E3005144D7 /* newCarControllerView.swift */,
				D429DC912630DE74005EDDB0 /* NewAccountViewController.swift */,
				D4C81A24262CF31C000C5774 /* Assets.xcassets */,
				D4C81A26262CF31C000C5774 /* LaunchScreen.storyboard */,
				D4C81A29262CF31C000C5774 /* Info.plist */,
				D4C81A21262CF31C000C5774 /* vehicleManagement.xcdatamodeld */,
			);
			path = vehicleManagement;
			sourceTree = "<group>";
		};
		D4C81A31262CF31C000C5774 /* vehicleManagementTests */ = {
			isa = PBXGroup;
			children = (
				D4C81A32262CF31C000C5774 /* vehicleManagementTests.swift */,
				D4C81A34262CF31C000C5774 /* Info.plist */,
			);
			path = vehicleManagementTests;
			sourceTree = "<group>";
		};
		D4C81A3C262CF31C000C5774 /* vehicleManagementUITests */ = {
			isa = PBXGroup;
			children = (
				D4C81A3D262CF31C000C5774 /* vehicleManagementUITests.swift */,
				D4C81A3F262CF31C000C5774 /* Info.plist */,
			);
			path = vehicleManagementUITests;
			sourceTree = "<group>";
		};
		E0BC5FA4EEDFDB48F07B163F /* Frameworks */ = {
			isa = PBXGroup;
			children = (
				B835FCA7C67FA9C1440AB6AD /* Pods_vehicleManagement.framework */,
				CCCA54148B5A79F9B13611B7 /* Pods_vehicleManagement_vehicleManagementUITests.framework */,
				D52F640D70B2EC8A28E93A01 /* Pods_vehicleManagementTests.framework */,
			);
			name = Frameworks;
			sourceTree = "<group>";
		};
/* End PBXGroup section */

/* Begin PBXNativeTarget section */
		D4C81A14262CF31C000C5774 /* vehicleManagement */ = {
			isa = PBXNativeTarget;
			buildConfigurationList = D4C81A42262CF31C000C5774 /* Build configuration list for PBXNativeTarget "vehicleManagement" */;
			buildPhases = (
				4B749FB877D73707C89E5529 /* [CP] Check Pods Manifest.lock */,
				D4C81A11262CF31C000C5774 /* Sources */,
				D4C81A12262CF31C000C5774 /* Frameworks */,
				D4C81A13262CF31C000C5774 /* Resources */,
				E2A4F22D496CC9C85DDEA7B1 /* [CP] Embed Pods Frameworks */,
			);
			buildRules = (
			);
			dependencies = (
			);
			name = vehicleManagement;
			productName = vehicleManagement;
			productReference = D4C81A15262CF31C000C5774 /* vehicleManagement.app */;
			productType = "com.apple.product-type.application";
		};
		D4C81A2D262CF31C000C5774 /* vehicleManagementTests */ = {
			isa = PBXNativeTarget;
			buildConfigurationList = D4C81A45262CF31C000C5774 /* Build configuration list for PBXNativeTarget "vehicleManagementTests" */;
			buildPhases = (
				5C7EC498F42F98D559897E25 /* [CP] Check Pods Manifest.lock */,
				D4C81A2A262CF31C000C5774 /* Sources */,
				D4C81A2B262CF31C000C5774 /* Frameworks */,
				D4C81A2C262CF31C000C5774 /* Resources */,
			);
			buildRules = (
			);
			dependencies = (
				D4C81A30262CF31C000C5774 /* PBXTargetDependency */,
			);
			name = vehicleManagementTests;
			productName = vehicleManagementTests;
			productReference = D4C81A2E262CF31C000C5774 /* vehicleManagementTests.xctest */;
			productType = "com.apple.product-type.bundle.unit-test";
		};
		D4C81A38262CF31C000C5774 /* vehicleManagementUITests */ = {
			isa = PBXNativeTarget;
			buildConfigurationList = D4C81A48262CF31C000C5774 /* Build configuration list for PBXNativeTarget "vehicleManagementUITests" */;
			buildPhases = (
				99CFD5F188AAC1E4CA2F6E26 /* [CP] Check Pods Manifest.lock */,
				D4C81A35262CF31C000C5774 /* Sources */,
				D4C81A36262CF31C000C5774 /* Frameworks */,
				D4C81A37262CF31C000C5774 /* Resources */,
				081CFE54D3FCD9D76BDC8689 /* [CP] Embed Pods Frameworks */,
			);
			buildRules = (
			);
			dependencies = (
				D4C81A3B262CF31C000C5774 /* PBXTargetDependency */,
			);
			name = vehicleManagementUITests;
			productName = vehicleManagementUITests;
			productReference = D4C81A39262CF31C000C5774 /* vehicleManagementUITests.xctest */;
			productType = "com.apple.product-type.bundle.ui-testing";
		};
/* End PBXNativeTarget section */

/* Begin PBXProject section */
		D4C81A0D262CF31C000C5774 /* Project object */ = {
			isa = PBXProject;
			attributes = {
				LastSwiftUpdateCheck = 1240;
				LastUpgradeCheck = 1240;
				TargetAttributes = {
					D4C81A14262CF31C000C5774 = {
						CreatedOnToolsVersion = 12.4;
					};
					D4C81A2D262CF31C000C5774 = {
						CreatedOnToolsVersion = 12.4;
						TestTargetID = D4C81A14262CF31C000C5774;
					};
					D4C81A38262CF31C000C5774 = {
						CreatedOnToolsVersion = 12.4;
						TestTargetID = D4C81A14262CF31C000C5774;
					};
				};
			};
			buildConfigurationList = D4C81A10262CF31C000C5774 /* Build configuration list for PBXProject "vehicleManagement" */;
			compatibilityVersion = "Xcode 9.3";
			developmentRegion = en;
			hasScannedForEncodings = 0;
			knownRegions = (
				en,
				Base,
			);
			mainGroup = D4C81A0C262CF31C000C5774;
			productRefGroup = D4C81A16262CF31C000C5774 /* Products */;
			projectDirPath = "";
			projectRoot = "";
			targets = (
				D4C81A14262CF31C000C5774 /* vehicleManagement */,
				D4C81A2D262CF31C000C5774 /* vehicleManagementTests */,
				D4C81A38262CF31C000C5774 /* vehicleManagementUITests */,
			);
		};
/* End PBXProject section */

/* Begin PBXResourcesBuildPhase section */
		D4C81A13262CF31C000C5774 /* Resources */ = {
			isa = PBXResourcesBuildPhase;
			buildActionMask = 2147483647;
			files = (
				D4C81A28262CF31C000C5774 /* LaunchScreen.storyboard in Resources */,
				D44E411B262FA5E80030CC8A /* GoogleService-Info.plist in Resources */,
				D4C81A25262CF31C000C5774 /* Assets.xcassets in Resources */,
				D4C81A20262CF31C000C5774 /* Main.storyboard in Resources */,
			);
			runOnlyForDeploymentPostprocessing = 0;
		};
		D4C81A2C262CF31C000C5774 /* Resources */ = {
			isa = PBXResourcesBuildPhase;
			buildActionMask = 2147483647;
			files = (
			);
			runOnlyForDeploymentPostprocessing = 0;
		};
		D4C81A37262CF31C000C5774 /* Resources */ = {
			isa = PBXResourcesBuildPhase;
			buildActionMask = 2147483647;
			files = (
			);
			runOnlyForDeploymentPostprocessing = 0;
		};
/* End PBXResourcesBuildPhase section */

/* Begin PBXShellScriptBuildPhase section */
		081CFE54D3FCD9D76BDC8689 /* [CP] Embed Pods Frameworks */ = {
			isa = PBXShellScriptBuildPhase;
			buildActionMask = 2147483647;
			files = (
			);
			inputFileListPaths = (
				"${PODS_ROOT}/Target Support Files/Pods-vehicleManagement-vehicleManagementUITests/Pods-vehicleManagement-vehicleManagementUITests-frameworks-${CONFIGURATION}-input-files.xcfilelist",
			);
			name = "[CP] Embed Pods Frameworks";
			outputFileListPaths = (
				"${PODS_ROOT}/Target Support Files/Pods-vehicleManagement-vehicleManagementUITests/Pods-vehicleManagement-vehicleManagementUITests-frameworks-${CONFIGURATION}-output-files.xcfilelist",
			);
			runOnlyForDeploymentPostprocessing = 0;
			shellPath = /bin/sh;
			shellScript = "\"${PODS_ROOT}/Target Support Files/Pods-vehicleManagement-vehicleManagementUITests/Pods-vehicleManagement-vehicleManagementUITests-frameworks.sh\"\n";
			showEnvVarsInLog = 0;
		};
		4B749FB877D73707C89E5529 /* [CP] Check Pods Manifest.lock */ = {
			isa = PBXShellScriptBuildPhase;
			buildActionMask = 2147483647;
			files = (
			);
			inputFileListPaths = (
			);
			inputPaths = (
				"${PODS_PODFILE_DIR_PATH}/Podfile.lock",
				"${PODS_ROOT}/Manifest.lock",
			);
			name = "[CP] Check Pods Manifest.lock";
			outputFileListPaths = (
			);
			outputPaths = (
				"$(DERIVED_FILE_DIR)/Pods-vehicleManagement-checkManifestLockResult.txt",
			);
			runOnlyForDeploymentPostprocessing = 0;
			shellPath = /bin/sh;
			shellScript = "diff \"${PODS_PODFILE_DIR_PATH}/Podfile.lock\" \"${PODS_ROOT}/Manifest.lock\" > /dev/null\nif [ $? != 0 ] ; then\n    # print error to STDERR\n    echo \"error: The sandbox is not in sync with the Podfile.lock. Run 'pod install' or update your CocoaPods installation.\" >&2\n    exit 1\nfi\n# This output is used by Xcode 'outputs' to avoid re-running this script phase.\necho \"SUCCESS\" > \"${SCRIPT_OUTPUT_FILE_0}\"\n";
			showEnvVarsInLog = 0;
		};
		5C7EC498F42F98D559897E25 /* [CP] Check Pods Manifest.lock */ = {
			isa = PBXShellScriptBuildPhase;
			buildActionMask = 2147483647;
			files = (
			);
			inputFileListPaths = (
			);
			inputPaths = (
				"${PODS_PODFILE_DIR_PATH}/Podfile.lock",
				"${PODS_ROOT}/Manifest.lock",
			);
			name = "[CP] Check Pods Manifest.lock";
			outputFileListPaths = (
			);
			outputPaths = (
				"$(DERIVED_FILE_DIR)/Pods-vehicleManagementTests-checkManifestLockResult.txt",
			);
			runOnlyForDeploymentPostprocessing = 0;
			shellPath = /bin/sh;
			shellScript = "diff \"${PODS_PODFILE_DIR_PATH}/Podfile.lock\" \"${PODS_ROOT}/Manifest.lock\" > /dev/null\nif [ $? != 0 ] ; then\n    # print error to STDERR\n    echo \"error: The sandbox is not in sync with the Podfile.lock. Run 'pod install' or update your CocoaPods installation.\" >&2\n    exit 1\nfi\n# This output is used by Xcode 'outputs' to avoid re-running this script phase.\necho \"SUCCESS\" > \"${SCRIPT_OUTPUT_FILE_0}\"\n";
			showEnvVarsInLog = 0;
		};
		99CFD5F188AAC1E4CA2F6E26 /* [CP] Check Pods Manifest.lock */ = {
			isa = PBXShellScriptBuildPhase;
			buildActionMask = 2147483647;
			files = (
			);
			inputFileListPaths = (
			);
			inputPaths = (
				"${PODS_PODFILE_DIR_PATH}/Podfile.lock",
				"${PODS_ROOT}/Manifest.lock",
			);
			name = "[CP] Check Pods Manifest.lock";
			outputFileListPaths = (
			);
			outputPaths = (
				"$(DERIVED_FILE_DIR)/Pods-vehicleManagement-vehicleManagementUITests-checkManifestLockResult.txt",
			);
			runOnlyForDeploymentPostprocessing = 0;
			shellPath = /bin/sh;
			shellScript = "diff \"${PODS_PODFILE_DIR_PATH}/Podfile.lock\" \"${PODS_ROOT}/Manifest.lock\" > /dev/null\nif [ $? != 0 ] ; then\n    # print error to STDERR\n    echo \"error: The sandbox is not in sync with the Podfile.lock. Run 'pod install' or update your CocoaPods installation.\" >&2\n    exit 1\nfi\n# This output is used by Xcode 'outputs' to avoid re-running this script phase.\necho \"SUCCESS\" > \"${SCRIPT_OUTPUT_FILE_0}\"\n";
			showEnvVarsInLog = 0;
		};
		E2A4F22D496CC9C85DDEA7B1 /* [CP] Embed Pods Frameworks */ = {
			isa = PBXShellScriptBuildPhase;
			buildActionMask = 2147483647;
			files = (
			);
			inputFileListPaths = (
				"${PODS_ROOT}/Target Support Files/Pods-vehicleManagement/Pods-vehicleManagement-frameworks-${CONFIGURATION}-input-files.xcfilelist",
			);
			name = "[CP] Embed Pods Frameworks";
			outputFileListPaths = (
				"${PODS_ROOT}/Target Support Files/Pods-vehicleManagement/Pods-vehicleManagement-frameworks-${CONFIGURATION}-output-files.xcfilelist",
			);
			runOnlyForDeploymentPostprocessing = 0;
			shellPath = /bin/sh;
			shellScript = "\"${PODS_ROOT}/Target Support Files/Pods-vehicleManagement/Pods-vehicleManagement-frameworks.sh\"\n";
			showEnvVarsInLog = 0;
		};
/* End PBXShellScriptBuildPhase section */

/* Begin PBXSourcesBuildPhase section */
		D4C81A11262CF31C000C5774 /* Sources */ = {
			isa = PBXSourcesBuildPhase;
			buildActionMask = 2147483647;
			files = (
				D4FDF681263AF67F00E869C3 /* CarSelectorViewController.swift in Sources */,
				D4C81A1D262CF31C000C5774 /* ViewController.swift in Sources */,
				D4C81A19262CF31C000C5774 /* AppDelegate.swift in Sources */,
				D4C81A1B262CF31C000C5774 /* SceneDelegate.swift in Sources */,
				D4871E85262F548100628EAE /* LoginViewController.swift in Sources */,
				D4C81A23262CF31C000C5774 /* vehicleManagement.xcdatamodeld in Sources */,
				8EF30F0C263A41E3005144D7 /* newCarControllerView.swift in Sources */,
				D429DC922630DE74005EDDB0 /* NewAccountViewController.swift in Sources */,
			);
			runOnlyForDeploymentPostprocessing = 0;
		};
		D4C81A2A262CF31C000C5774 /* Sources */ = {
			isa = PBXSourcesBuildPhase;
			buildActionMask = 2147483647;
			files = (
				D4C81A33262CF31C000C5774 /* vehicleManagementTests.swift in Sources */,
			);
			runOnlyForDeploymentPostprocessing = 0;
		};
		D4C81A35262CF31C000C5774 /* Sources */ = {
			isa = PBXSourcesBuildPhase;
			buildActionMask = 2147483647;
			files = (
				D4C81A3E262CF31C000C5774 /* vehicleManagementUITests.swift in Sources */,
			);
			runOnlyForDeploymentPostprocessing = 0;
		};
/* End PBXSourcesBuildPhase section */

/* Begin PBXTargetDependency section */
		D4C81A30262CF31C000C5774 /* PBXTargetDependency */ = {
			isa = PBXTargetDependency;
			target = D4C81A14262CF31C000C5774 /* vehicleManagement */;
			targetProxy = D4C81A2F262CF31C000C5774 /* PBXContainerItemProxy */;
		};
		D4C81A3B262CF31C000C5774 /* PBXTargetDependency */ = {
			isa = PBXTargetDependency;
			target = D4C81A14262CF31C000C5774 /* vehicleManagement */;
			targetProxy = D4C81A3A262CF31C000C5774 /* PBXContainerItemProxy */;
		};
/* End PBXTargetDependency section */

/* Begin PBXVariantGroup section */
		D4C81A1E262CF31C000C5774 /* Main.storyboard */ = {
			isa = PBXVariantGroup;
			children = (
				D4C81A1F262CF31C000C5774 /* Base */,
			);
			name = Main.storyboard;
			sourceTree = "<group>";
		};
		D4C81A26262CF31C000C5774 /* LaunchScreen.storyboard */ = {
			isa = PBXVariantGroup;
			children = (
				D4C81A27262CF31C000C5774 /* Base */,
			);
			name = LaunchScreen.storyboard;
			sourceTree = "<group>";
		};
/* End PBXVariantGroup section */

/* Begin XCBuildConfiguration section */
		D4C81A40262CF31C000C5774 /* Debug */ = {
			isa = XCBuildConfiguration;
			buildSettings = {
				ALWAYS_SEARCH_USER_PATHS = NO;
				CLANG_ANALYZER_NONNULL = YES;
				CLANG_ANALYZER_NUMBER_OBJECT_CONVERSION = YES_AGGRESSIVE;
				CLANG_CXX_LANGUAGE_STANDARD = "gnu++14";
				CLANG_CXX_LIBRARY = "libc++";
				CLANG_ENABLE_MODULES = YES;
				CLANG_ENABLE_OBJC_ARC = YES;
				CLANG_ENABLE_OBJC_WEAK = YES;
				CLANG_WARN_BLOCK_CAPTURE_AUTORELEASING = YES;
				CLANG_WARN_BOOL_CONVERSION = YES;
				CLANG_WARN_COMMA = YES;
				CLANG_WARN_CONSTANT_CONVERSION = YES;
				CLANG_WARN_DEPRECATED_OBJC_IMPLEMENTATIONS = YES;
				CLANG_WARN_DIRECT_OBJC_ISA_USAGE = YES_ERROR;
				CLANG_WARN_DOCUMENTATION_COMMENTS = YES;
				CLANG_WARN_EMPTY_BODY = YES;
				CLANG_WARN_ENUM_CONVERSION = YES;
				CLANG_WARN_INFINITE_RECURSION = YES;
				CLANG_WARN_INT_CONVERSION = YES;
				CLANG_WARN_NON_LITERAL_NULL_CONVERSION = YES;
				CLANG_WARN_OBJC_IMPLICIT_RETAIN_SELF = YES;
				CLANG_WARN_OBJC_LITERAL_CONVERSION = YES;
				CLANG_WARN_OBJC_ROOT_CLASS = YES_ERROR;
				CLANG_WARN_QUOTED_INCLUDE_IN_FRAMEWORK_HEADER = YES;
				CLANG_WARN_RANGE_LOOP_ANALYSIS = YES;
				CLANG_WARN_STRICT_PROTOTYPES = YES;
				CLANG_WARN_SUSPICIOUS_MOVE = YES;
				CLANG_WARN_UNGUARDED_AVAILABILITY = YES_AGGRESSIVE;
				CLANG_WARN_UNREACHABLE_CODE = YES;
				CLANG_WARN__DUPLICATE_METHOD_MATCH = YES;
				COPY_PHASE_STRIP = NO;
				DEBUG_INFORMATION_FORMAT = dwarf;
				ENABLE_STRICT_OBJC_MSGSEND = YES;
				ENABLE_TESTABILITY = YES;
				GCC_C_LANGUAGE_STANDARD = gnu11;
				GCC_DYNAMIC_NO_PIC = NO;
				GCC_NO_COMMON_BLOCKS = YES;
				GCC_OPTIMIZATION_LEVEL = 0;
				GCC_PREPROCESSOR_DEFINITIONS = (
					"DEBUG=1",
					"$(inherited)",
				);
				GCC_WARN_64_TO_32_BIT_CONVERSION = YES;
				GCC_WARN_ABOUT_RETURN_TYPE = YES_ERROR;
				GCC_WARN_UNDECLARED_SELECTOR = YES;
				GCC_WARN_UNINITIALIZED_AUTOS = YES_AGGRESSIVE;
				GCC_WARN_UNUSED_FUNCTION = YES;
				GCC_WARN_UNUSED_VARIABLE = YES;
				IPHONEOS_DEPLOYMENT_TARGET = 14.4;
				MTL_ENABLE_DEBUG_INFO = INCLUDE_SOURCE;
				MTL_FAST_MATH = YES;
				ONLY_ACTIVE_ARCH = YES;
				SDKROOT = iphoneos;
				SWIFT_ACTIVE_COMPILATION_CONDITIONS = DEBUG;
				SWIFT_OPTIMIZATION_LEVEL = "-Onone";
			};
			name = Debug;
		};
		D4C81A41262CF31C000C5774 /* Release */ = {
			isa = XCBuildConfiguration;
			buildSettings = {
				ALWAYS_SEARCH_USER_PATHS = NO;
				CLANG_ANALYZER_NONNULL = YES;
				CLANG_ANALYZER_NUMBER_OBJECT_CONVERSION = YES_AGGRESSIVE;
				CLANG_CXX_LANGUAGE_STANDARD = "gnu++14";
				CLANG_CXX_LIBRARY = "libc++";
				CLANG_ENABLE_MODULES = YES;
				CLANG_ENABLE_OBJC_ARC = YES;
				CLANG_ENABLE_OBJC_WEAK = YES;
				CLANG_WARN_BLOCK_CAPTURE_AUTORELEASING = YES;
				CLANG_WARN_BOOL_CONVERSION = YES;
				CLANG_WARN_COMMA = YES;
				CLANG_WARN_CONSTANT_CONVERSION = YES;
				CLANG_WARN_DEPRECATED_OBJC_IMPLEMENTATIONS = YES;
				CLANG_WARN_DIRECT_OBJC_ISA_USAGE = YES_ERROR;
				CLANG_WARN_DOCUMENTATION_COMMENTS = YES;
				CLANG_WARN_EMPTY_BODY = YES;
				CLANG_WARN_ENUM_CONVERSION = YES;
				CLANG_WARN_INFINITE_RECURSION = YES;
				CLANG_WARN_INT_CONVERSION = YES;
				CLANG_WARN_NON_LITERAL_NULL_CONVERSION = YES;
				CLANG_WARN_OBJC_IMPLICIT_RETAIN_SELF = YES;
				CLANG_WARN_OBJC_LITERAL_CONVERSION = YES;
				CLANG_WARN_OBJC_ROOT_CLASS = YES_ERROR;
				CLANG_WARN_QUOTED_INCLUDE_IN_FRAMEWORK_HEADER = YES;
				CLANG_WARN_RANGE_LOOP_ANALYSIS = YES;
				CLANG_WARN_STRICT_PROTOTYPES = YES;
				CLANG_WARN_SUSPICIOUS_MOVE = YES;
				CLANG_WARN_UNGUARDED_AVAILABILITY = YES_AGGRESSIVE;
				CLANG_WARN_UNREACHABLE_CODE = YES;
				CLANG_WARN__DUPLICATE_METHOD_MATCH = YES;
				COPY_PHASE_STRIP = NO;
				DEBUG_INFORMATION_FORMAT = "dwarf-with-dsym";
				ENABLE_NS_ASSERTIONS = NO;
				ENABLE_STRICT_OBJC_MSGSEND = YES;
				GCC_C_LANGUAGE_STANDARD = gnu11;
				GCC_NO_COMMON_BLOCKS = YES;
				GCC_WARN_64_TO_32_BIT_CONVERSION = YES;
				GCC_WARN_ABOUT_RETURN_TYPE = YES_ERROR;
				GCC_WARN_UNDECLARED_SELECTOR = YES;
				GCC_WARN_UNINITIALIZED_AUTOS = YES_AGGRESSIVE;
				GCC_WARN_UNUSED_FUNCTION = YES;
				GCC_WARN_UNUSED_VARIABLE = YES;
				IPHONEOS_DEPLOYMENT_TARGET = 14.4;
				MTL_ENABLE_DEBUG_INFO = NO;
				MTL_FAST_MATH = YES;
				SDKROOT = iphoneos;
				SWIFT_COMPILATION_MODE = wholemodule;
				SWIFT_OPTIMIZATION_LEVEL = "-O";
				VALIDATE_PRODUCT = YES;
			};
			name = Release;
		};
		D4C81A43262CF31C000C5774 /* Debug */ = {
			isa = XCBuildConfiguration;
			baseConfigurationReference = 046A3C364C168D11544582E4 /* Pods-vehicleManagement.debug.xcconfig */;
			buildSettings = {
				ASSETCATALOG_COMPILER_APPICON_NAME = AppIcon;
				ASSETCATALOG_COMPILER_GLOBAL_ACCENT_COLOR_NAME = AccentColor;
				CODE_SIGN_STYLE = Automatic;
				DEVELOPMENT_TEAM = UJ96436423;
				INFOPLIST_FILE = vehicleManagement/Info.plist;
				IPHONEOS_DEPLOYMENT_TARGET = 14.2;
				LD_RUNPATH_SEARCH_PATHS = (
					"$(inherited)",
					"@executable_path/Frameworks",
				);
				PRODUCT_BUNDLE_IDENTIFIER = com.LucasDuffvehicleManagement;
				PRODUCT_NAME = "$(TARGET_NAME)";
				SWIFT_VERSION = 5.0;
				TARGETED_DEVICE_FAMILY = "1,2";
			};
			name = Debug;
		};
		D4C81A44262CF31C000C5774 /* Release */ = {
			isa = XCBuildConfiguration;
			baseConfigurationReference = EE315B03A71EE98CD31E015C /* Pods-vehicleManagement.release.xcconfig */;
			buildSettings = {
				ASSETCATALOG_COMPILER_APPICON_NAME = AppIcon;
				ASSETCATALOG_COMPILER_GLOBAL_ACCENT_COLOR_NAME = AccentColor;
				CODE_SIGN_STYLE = Automatic;
				DEVELOPMENT_TEAM = UJ96436423;
				INFOPLIST_FILE = vehicleManagement/Info.plist;
				IPHONEOS_DEPLOYMENT_TARGET = 14.2;
				LD_RUNPATH_SEARCH_PATHS = (
					"$(inherited)",
					"@executable_path/Frameworks",
				);
				PRODUCT_BUNDLE_IDENTIFIER = com.LucasDuff.vehicleManagement;
				PRODUCT_NAME = "$(TARGET_NAME)";
				SWIFT_VERSION = 5.0;
				TARGETED_DEVICE_FAMILY = "1,2";
			};
			name = Release;
		};
		D4C81A46262CF31C000C5774 /* Debug */ = {
			isa = XCBuildConfiguration;
			baseConfigurationReference = 77B89C76B5831A1E3F5AC6F6 /* Pods-vehicleManagementTests.debug.xcconfig */;
			buildSettings = {
				ALWAYS_EMBED_SWIFT_STANDARD_LIBRARIES = YES;
				BUNDLE_LOADER = "$(TEST_HOST)";
				CODE_SIGN_STYLE = Automatic;
				INFOPLIST_FILE = vehicleManagementTests/Info.plist;
				IPHONEOS_DEPLOYMENT_TARGET = 14.2;
				LD_RUNPATH_SEARCH_PATHS = (
					"$(inherited)",
					"@executable_path/Frameworks",
					"@loader_path/Frameworks",
				);
				PRODUCT_BUNDLE_IDENTIFIER = com.CodyAnderson.vehicleManagementTests;
				PRODUCT_NAME = "$(TARGET_NAME)";
				SWIFT_VERSION = 5.0;
				TARGETED_DEVICE_FAMILY = "1,2";
				TEST_HOST = "$(BUILT_PRODUCTS_DIR)/vehicleManagement.app/vehicleManagement";
			};
			name = Debug;
		};
		D4C81A47262CF31C000C5774 /* Release */ = {
			isa = XCBuildConfiguration;
			baseConfigurationReference = 2BB92A6A19CD60E4922CA5DD /* Pods-vehicleManagementTests.release.xcconfig */;
			buildSettings = {
				ALWAYS_EMBED_SWIFT_STANDARD_LIBRARIES = YES;
				BUNDLE_LOADER = "$(TEST_HOST)";
				CODE_SIGN_STYLE = Automatic;
				INFOPLIST_FILE = vehicleManagementTests/Info.plist;
				IPHONEOS_DEPLOYMENT_TARGET = 14.2;
				LD_RUNPATH_SEARCH_PATHS = (
					"$(inherited)",
					"@executable_path/Frameworks",
					"@loader_path/Frameworks",
				);
				PRODUCT_BUNDLE_IDENTIFIER = com.CodyAnderson.vehicleManagementTests;
				PRODUCT_NAME = "$(TARGET_NAME)";
				SWIFT_VERSION = 5.0;
				TARGETED_DEVICE_FAMILY = "1,2";
				TEST_HOST = "$(BUILT_PRODUCTS_DIR)/vehicleManagement.app/vehicleManagement";
			};
			name = Release;
		};
		D4C81A49262CF31C000C5774 /* Debug */ = {
			isa = XCBuildConfiguration;
			baseConfigurationReference = B62877BFB7EB0F7502D2CFD7 /* Pods-vehicleManagement-vehicleManagementUITests.debug.xcconfig */;
			buildSettings = {
				ALWAYS_EMBED_SWIFT_STANDARD_LIBRARIES = YES;
				CODE_SIGN_STYLE = Automatic;
				INFOPLIST_FILE = vehicleManagementUITests/Info.plist;
				IPHONEOS_DEPLOYMENT_TARGET = 14.2;
				LD_RUNPATH_SEARCH_PATHS = (
					"$(inherited)",
					"@executable_path/Frameworks",
					"@loader_path/Frameworks",
				);
				PRODUCT_BUNDLE_IDENTIFIER = com.CodyAnderson.vehicleManagementUITests;
				PRODUCT_NAME = "$(TARGET_NAME)";
				SWIFT_VERSION = 5.0;
				TARGETED_DEVICE_FAMILY = "1,2";
				TEST_TARGET_NAME = vehicleManagement;
			};
			name = Debug;
		};
		D4C81A4A262CF31C000C5774 /* Release */ = {
			isa = XCBuildConfiguration;
			baseConfigurationReference = 43D2DBB2AF77A80794250951 /* Pods-vehicleManagement-vehicleManagementUITests.release.xcconfig */;
			buildSettings = {
				ALWAYS_EMBED_SWIFT_STANDARD_LIBRARIES = YES;
				CODE_SIGN_STYLE = Automatic;
				INFOPLIST_FILE = vehicleManagementUITests/Info.plist;
				IPHONEOS_DEPLOYMENT_TARGET = 14.2;
				LD_RUNPATH_SEARCH_PATHS = (
					"$(inherited)",
					"@executable_path/Frameworks",
					"@loader_path/Frameworks",
				);
				PRODUCT_BUNDLE_IDENTIFIER = com.CodyAnderson.vehicleManagementUITests;
				PRODUCT_NAME = "$(TARGET_NAME)";
				SWIFT_VERSION = 5.0;
				TARGETED_DEVICE_FAMILY = "1,2";
				TEST_TARGET_NAME = vehicleManagement;
			};
			name = Release;
		};
/* End XCBuildConfiguration section */

/* Begin XCConfigurationList section */
		D4C81A10262CF31C000C5774 /* Build configuration list for PBXProject "vehicleManagement" */ = {
			isa = XCConfigurationList;
			buildConfigurations = (
				D4C81A40262CF31C000C5774 /* Debug */,
				D4C81A41262CF31C000C5774 /* Release */,
			);
			defaultConfigurationIsVisible = 0;
			defaultConfigurationName = Release;
		};
		D4C81A42262CF31C000C5774 /* Build configuration list for PBXNativeTarget "vehicleManagement" */ = {
			isa = XCConfigurationList;
			buildConfigurations = (
				D4C81A43262CF31C000C5774 /* Debug */,
				D4C81A44262CF31C000C5774 /* Release */,
			);
			defaultConfigurationIsVisible = 0;
			defaultConfigurationName = Release;
		};
		D4C81A45262CF31C000C5774 /* Build configuration list for PBXNativeTarget "vehicleManagementTests" */ = {
			isa = XCConfigurationList;
			buildConfigurations = (
				D4C81A46262CF31C000C5774 /* Debug */,
				D4C81A47262CF31C000C5774 /* Release */,
			);
			defaultConfigurationIsVisible = 0;
			defaultConfigurationName = Release;
		};
		D4C81A48262CF31C000C5774 /* Build configuration list for PBXNativeTarget "vehicleManagementUITests" */ = {
			isa = XCConfigurationList;
			buildConfigurations = (
				D4C81A49262CF31C000C5774 /* Debug */,
				D4C81A4A262CF31C000C5774 /* Release */,
			);
			defaultConfigurationIsVisible = 0;
			defaultConfigurationName = Release;
		};
/* End XCConfigurationList section */

/* Begin XCVersionGroup section */
		D4C81A21262CF31C000C5774 /* vehicleManagement.xcdatamodeld */ = {
			isa = XCVersionGroup;
			children = (
				D4C81A22262CF31C000C5774 /* vehicleManagement.xcdatamodel */,
			);
			currentVersion = D4C81A22262CF31C000C5774 /* vehicleManagement.xcdatamodel */;
			path = vehicleManagement.xcdatamodeld;
			sourceTree = "<group>";
			versionGroupType = wrapper.xcdatamodel;
		};
/* End XCVersionGroup section */
	};
	rootObject = D4C81A0D262CF31C000C5774 /* Project object */;
}
